
Microsoft Visual Studio Solution File, Format Version 12.00
# Visual Studio 2013
VisualStudioVersion = 12.0.30501.0
MinimumVisualStudioVersion = 10.0.40219.1
Project("{1863889A-00DF-4350-BA39-669CA949CB81}") = "m3ttulat0r", "m3ttulat0r.phpproj", "{64A2AA1D-F6BF-44E9-8D68-E2DC0D59ACB3}"
EndProject
Global
	GlobalSection(SolutionConfigurationPlatforms) = preSolution
		Local|PHP 5.4 = Local|PHP 5.4
		Production|PHP 5.4 = Production|PHP 5.4
		Staging|PHP 5.4 = Staging|PHP 5.4
	EndGlobalSection
	GlobalSection(ProjectConfigurationPlatforms) = postSolution
		{64A2AA1D-F6BF-44E9-8D68-E2DC0D59ACB3}.Local|PHP 5.4.ActiveCfg = Local|PHP 5.4
		{64A2AA1D-F6BF-44E9-8D68-E2DC0D59ACB3}.Local|PHP 5.4.Deploy.0 = Local|PHP 5.4
		{64A2AA1D-F6BF-44E9-8D68-E2DC0D59ACB3}.Production|PHP 5.4.ActiveCfg = Production|PHP 5.4
		{64A2AA1D-F6BF-44E9-8D68-E2DC0D59ACB3}.Production|PHP 5.4.Deploy.0 = Production|PHP 5.4
		{64A2AA1D-F6BF-44E9-8D68-E2DC0D59ACB3}.Staging|PHP 5.4.ActiveCfg = Staging|PHP 5.4
		{64A2AA1D-F6BF-44E9-8D68-E2DC0D59ACB3}.Staging|PHP 5.4.Deploy.0 = Staging|PHP 5.4
	EndGlobalSection
	GlobalSection(SolutionProperties) = preSolution
		HideSolutionNode = FALSE
	EndGlobalSection
EndGlobal
